<?xml version="1.0" encoding="utf-8"?>
<Project ToolsVersion="4.0" xmlns="http://schemas.microsoft.com/developer/msbuild/2003">
  <ItemGroup>
    <Filter Include="Archivos de origen">
      <UniqueIdentifier>{4FC737F1-C7A5-4376-A066-2A32D752A2FF}</UniqueIdentifier>
      <Extensions>cpp;c;cc;cxx;c++;cppm;ixx;def;odl;idl;hpj;bat;asm;asmx</Extensions>
    </Filter>
    <Filter Include="Archivos de encabezado">
      <UniqueIdentifier>{93995380-89BD-4b04-88EB-625FBE52EBFB}</UniqueIdentifier>
      <Extensions>h;hh;hpp;hxx;h++;hm;inl;inc;ipp;xsd</Extensions>
    </Filter>
    <Filter Include="Archivos de recursos">
      <UniqueIdentifier>{67DA6AB6-F800-4c08-8B7A-83BB121AAD01}</UniqueIdentifier>
      <Extensions>rc;ico;cur;bmp;dlg;rc2;rct;bin;rgs;gif;jpg;jpeg;jpe;resx;tiff;tif;png;wav;mfcribbon-ms</Extensions>
    </Filter>
    <Filter Include="Archivos de encabezado\ProgrammingPatterns">
      <UniqueIdentifier>{82b3162f-1597-4980-a792-7aeb03637225}</UniqueIdentifier>
    </Filter>
    <Filter Include="Archivos de encabezado\ProgrammingPatterns\Bridge">
      <UniqueIdentifier>{fd759e04-96a9-4d30-bba5-832d62c19f3d}</UniqueIdentifier>
    </Filter>
    <Filter Include="Archivos de encabezado\ProgrammingPatterns\ChainOfResponsibility">
      <UniqueIdentifier>{7bc6238a-22d3-4adf-ade2-39e9982d0095}</UniqueIdentifier>
    </Filter>
  </ItemGroup>
  <ItemGroup>
    <ClCompile Include="source\main.cpp">
      <Filter>Archivos de origen</Filter>
    </ClCompile>
  </ItemGroup>
  <ItemGroup>
    <ClInclude Include="include\Prerequisites.h">
      <Filter>Archivos de encabezado</Filter>
    </ClInclude>
    <ClInclude Include="include\ProgrammingPatterns\Bridge\Implementacion.h">
      <Filter>Archivos de encabezado\ProgrammingPatterns\Bridge</Filter>
    </ClInclude>
    <ClInclude Include="include\ProgrammingPatterns\Bridge\ImplementacionConcretaA.h">
      <Filter>Archivos de encabezado\ProgrammingPatterns\Bridge</Filter>
    </ClInclude>
    <ClInclude Include="include\ProgrammingPatterns\Bridge\ImplementacionConcretaB.h">
      <Filter>Archivos de encabezado\ProgrammingPatterns\Bridge</Filter>
    </ClInclude>
    <ClInclude Include="include\ProgrammingPatterns\Bridge\Abstraccion.h">
      <Filter>Archivos de encabezado\ProgrammingPatterns\Bridge</Filter>
    </ClInclude>
    <ClInclude Include="include\ProgrammingPatterns\Bridge\AbstraccionRefinada.h">
      <Filter>Archivos de encabezado\ProgrammingPatterns\Bridge</Filter>
    </ClInclude>
    <ClInclude Include="include\ProgrammingPatterns\Bridge\Dispositivo.h">
      <Filter>Archivos de encabezado\ProgrammingPatterns\Bridge</Filter>
    </ClInclude>
    <ClInclude Include="include\ProgrammingPatterns\Bridge\TV.h">
      <Filter>Archivos de encabezado\ProgrammingPatterns\Bridge</Filter>
    </ClInclude>
    <ClInclude Include="include\ProgrammingPatterns\Bridge\Radio.h">
      <Filter>Archivos de encabezado\ProgrammingPatterns\Bridge</Filter>
    </ClInclude>
    <ClInclude Include="include\ProgrammingPatterns\Bridge\ControlRemoto.h">
      <Filter>Archivos de encabezado\ProgrammingPatterns\Bridge</Filter>
    </ClInclude>
    <ClInclude Include="include\ProgrammingPatterns\Bridge\ControlTV.h">
      <Filter>Archivos de encabezado\ProgrammingPatterns\Bridge</Filter>
    </ClInclude>
    <ClInclude Include="include\ProgrammingPatterns\Bridge\ControlRadio.h">
      <Filter>Archivos de encabezado\ProgrammingPatterns\Bridge</Filter>
    </ClInclude>
    <ClInclude Include="include\ProgrammingPatterns\ChainOfResponsibility\Manejador.h">
      <Filter>Archivos de encabezado\ProgrammingPatterns\ChainOfResponsibility</Filter>
    </ClInclude>
    <ClInclude Include="include\ProgrammingPatterns\ChainOfResponsibility\ManejadorConcretoA.h">
      <Filter>Archivos de encabezado\ProgrammingPatterns\ChainOfResponsibility</Filter>
    </ClInclude>
    <ClInclude Include="include\ProgrammingPatterns\ChainOfResponsibility\ManejadorConcretoB.h">
      <Filter>Archivos de encabezado\ProgrammingPatterns\ChainOfResponsibility</Filter>
    </ClInclude>
    <ClInclude Include="include\ProgrammingPatterns\ChainOfResponsibility\ManejadorConcretoC.h">
      <Filter>Archivos de encabezado\ProgrammingPatterns\ChainOfResponsibility</Filter>
    </ClInclude>
  </ItemGroup>
</Project>